<?xml version="1.0" encoding="UTF-8" standalone="yes" ?>
<CodeBlocks_project_file>
	<FileVersion major="1" minor="6" />
	<Project>
		<Option title="main" />
		<Option pch_mode="2" />
		<Option compiler="gcc" />
		<Build>
			<Target title="Debug">
				<Option output="bin/Debug/main" prefix_auto="1" extension_auto="1" />
				<Option object_output="obj/Debug/" />
				<Option type="1" />
				<Option compiler="gcc" />
				<Compiler>
					<Add option="-g" />
				</Compiler>
				<Linker>
					<Add library="../dlls/libcompact.a" />
					<Add library="../dlls/libset.a" />
					<Add library="../dlls/libvector.a" />
					<Add library="../dlls/liblogger.a" />
					<Add directory="../dlls" />
				</Linker>
			</Target>
			<Target title="Release">
				<Option output="bin/Release/main" prefix_auto="1" extension_auto="1" />
				<Option object_output="obj/Release/" />
				<Option type="1" />
				<Option compiler="gcc" />
				<Compiler>
					<Add option="-O2" />
				</Compiler>
				<Linker>
					<Add option="-s" />
				</Linker>
			</Target>
		</Build>
		<Compiler>
			<Add option="-Wall" />
			<Add option="-fexceptions" />
		</Compiler>
		<Unit filename="include/IBroker.h" />
		<Unit filename="include/ICompact.h" />
		<Unit filename="include/ICompactControlBlock.h" />
		<Unit filename="include/IDiffProblem.h" />
		<Unit filename="include/ILogger.h" />
		<Unit filename="include/IMultiIndex.h" />
		<Unit filename="include/IProblem.h" />
		<Unit filename="include/ISet.h" />
		<Unit filename="include/ISetControlBlock.h" />
		<Unit filename="include/ISolver.h" />
		<Unit filename="include/IVector.h" />
		<Unit filename="include/Interfacedllexport.h" />
		<Unit filename="include/RC.h" />
		<Unit filename="main.cpp" />
		<Extensions>
			<code_completion />
			<envvars />
			<debugger />
			<lib_finder disable_auto="1" />
		</Extensions>
	</Project>
</CodeBlocks_project_file>
